
Microsoft Visual Studio Solution File, Format Version 12.00
# Visual Studio 14
VisualStudioVersion = 14.0.24720.0
MinimumVisualStudioVersion = 10.0.40219.1
Project("{FAE04EC0-301F-11D3-BF4B-00C04F79EFBC}") = "DataController", "DataController\DataController.csproj", "{416016AA-41EA-426D-A2BF-CEE62AA6D475}"
EndProject
Project("{FAE04EC0-301F-11D3-BF4B-00C04F79EFBC}") = "MainForms", "MainForms\MainForms.csproj", "{33B22512-E4F3-4098-9E7E-44D97FEF9D7E}"
EndProject
Project("{2150E333-8FDC-42A3-9474-1A3956D46DE8}") = "Solution Items", "Solution Items", "{1D3D9445-5491-47D2-ABBF-8BC234E4A3D5}"
	ProjectSection(SolutionItems) = preProject
		..\..\..\..\Program Files (x86)\DotNetBar for Windows Forms\DevComponents.DotNetBar2.dll = ..\..\..\..\Program Files (x86)\DotNetBar for Windows Forms\DevComponents.DotNetBar2.dll
	EndProjectSection
EndProject
Project("{FAE04EC0-301F-11D3-BF4B-00C04F79EFBC}") = "ApplicationSetting", "ClassLibrary1\ApplicationSetting.csproj", "{42F2542E-ABEF-4876-AEFD-327F008B0573}"
EndProject
Project("{FAE04EC0-301F-11D3-BF4B-00C04F79EFBC}") = "PatientInfo", "PatientInfo\PatientInfo.csproj", "{CA3E6B51-E4C4-4D3E-8208-DC8A82512DCD}"
EndProject
Project("{FAE04EC0-301F-11D3-BF4B-00C04F79EFBC}") = "ActionForm", "WindowsFormsApplication1\ActionForm.csproj", "{1C1741B6-839E-4FCE-A327-5CE4CF529F50}"
EndProject
Project("{FAE04EC0-301F-11D3-BF4B-00C04F79EFBC}") = "EmployeeInfo", "EmployeeInfo\EmployeeInfo.csproj", "{CE74A257-ABE6-448A-9482-E86D1E846018}"
EndProject
Project("{FAE04EC0-301F-11D3-BF4B-00C04F79EFBC}") = "BenhAn", "BenhAn\BenhAn.csproj", "{3C500444-8FF9-4476-A2E9-4FB7DF4A762A}"
EndProject
Project("{FAE04EC0-301F-11D3-BF4B-00C04F79EFBC}") = "DonThuoc", "DonThuoc\DonThuoc.csproj", "{C48B96FA-7151-4612-970D-218212349CB3}"
EndProject
Project("{FAE04EC0-301F-11D3-BF4B-00C04F79EFBC}") = "About", "About\About.csproj", "{97D31C60-A040-494C-8A6E-8EF4D37CB047}"
EndProject
Project("{FAE04EC0-301F-11D3-BF4B-00C04F79EFBC}") = "DTObject", "DTObject\DTObject.csproj", "{0900A83B-8DF4-4709-9302-EF898545516F}"
EndProject
Global
	GlobalSection(SolutionConfigurationPlatforms) = preSolution
		Debug|Any CPU = Debug|Any CPU
		Release|Any CPU = Release|Any CPU
	EndGlobalSection
	GlobalSection(ProjectConfigurationPlatforms) = postSolution
		{416016AA-41EA-426D-A2BF-CEE62AA6D475}.Debug|Any CPU.ActiveCfg = Debug|Any CPU
		{416016AA-41EA-426D-A2BF-CEE62AA6D475}.Debug|Any CPU.Build.0 = Debug|Any CPU
		{416016AA-41EA-426D-A2BF-CEE62AA6D475}.Release|Any CPU.ActiveCfg = Release|Any CPU
		{416016AA-41EA-426D-A2BF-CEE62AA6D475}.Release|Any CPU.Build.0 = Release|Any CPU
		{33B22512-E4F3-4098-9E7E-44D97FEF9D7E}.Debug|Any CPU.ActiveCfg = Debug|Any CPU
		{33B22512-E4F3-4098-9E7E-44D97FEF9D7E}.Debug|Any CPU.Build.0 = Debug|Any CPU
		{33B22512-E4F3-4098-9E7E-44D97FEF9D7E}.Release|Any CPU.ActiveCfg = Release|Any CPU
		{33B22512-E4F3-4098-9E7E-44D97FEF9D7E}.Release|Any CPU.Build.0 = Release|Any CPU
		{42F2542E-ABEF-4876-AEFD-327F008B0573}.Debug|Any CPU.ActiveCfg = Debug|Any CPU
		{42F2542E-ABEF-4876-AEFD-327F008B0573}.Debug|Any CPU.Build.0 = Debug|Any CPU
		{42F2542E-ABEF-4876-AEFD-327F008B0573}.Release|Any CPU.ActiveCfg = Release|Any CPU
		{42F2542E-ABEF-4876-AEFD-327F008B0573}.Release|Any CPU.Build.0 = Release|Any CPU
		{CA3E6B51-E4C4-4D3E-8208-DC8A82512DCD}.Debug|Any CPU.ActiveCfg = Debug|Any CPU
		{CA3E6B51-E4C4-4D3E-8208-DC8A82512DCD}.Debug|Any CPU.Build.0 = Debug|Any CPU
		{CA3E6B51-E4C4-4D3E-8208-DC8A82512DCD}.Release|Any CPU.ActiveCfg = Release|Any CPU
		{CA3E6B51-E4C4-4D3E-8208-DC8A82512DCD}.Release|Any CPU.Build.0 = Release|Any CPU
		{1C1741B6-839E-4FCE-A327-5CE4CF529F50}.Debug|Any CPU.ActiveCfg = Debug|Any CPU
		{1C1741B6-839E-4FCE-A327-5CE4CF529F50}.Debug|Any CPU.Build.0 = Debug|Any CPU
		{1C1741B6-839E-4FCE-A327-5CE4CF529F50}.Release|Any CPU.ActiveCfg = Release|Any CPU
		{1C1741B6-839E-4FCE-A327-5CE4CF529F50}.Release|Any CPU.Build.0 = Release|Any CPU
		{CE74A257-ABE6-448A-9482-E86D1E846018}.Debug|Any CPU.ActiveCfg = Debug|Any CPU
		{CE74A257-ABE6-448A-9482-E86D1E846018}.Debug|Any CPU.Build.0 = Debug|Any CPU
		{CE74A257-ABE6-448A-9482-E86D1E846018}.Release|Any CPU.ActiveCfg = Release|Any CPU
		{CE74A257-ABE6-448A-9482-E86D1E846018}.Release|Any CPU.Build.0 = Release|Any CPU
		{3C500444-8FF9-4476-A2E9-4FB7DF4A762A}.Debug|Any CPU.ActiveCfg = Debug|Any CPU
		{3C500444-8FF9-4476-A2E9-4FB7DF4A762A}.Debug|Any CPU.Build.0 = Debug|Any CPU
		{3C500444-8FF9-4476-A2E9-4FB7DF4A762A}.Release|Any CPU.ActiveCfg = Release|Any CPU
		{3C500444-8FF9-4476-A2E9-4FB7DF4A762A}.Release|Any CPU.Build.0 = Release|Any CPU
		{C48B96FA-7151-4612-970D-218212349CB3}.Debug|Any CPU.ActiveCfg = Debug|Any CPU
		{C48B96FA-7151-4612-970D-218212349CB3}.Debug|Any CPU.Build.0 = Debug|Any CPU
		{C48B96FA-7151-4612-970D-218212349CB3}.Release|Any CPU.ActiveCfg = Release|Any CPU
		{C48B96FA-7151-4612-970D-218212349CB3}.Release|Any CPU.Build.0 = Release|Any CPU
		{97D31C60-A040-494C-8A6E-8EF4D37CB047}.Debug|Any CPU.ActiveCfg = Debug|Any CPU
		{97D31C60-A040-494C-8A6E-8EF4D37CB047}.Debug|Any CPU.Build.0 = Debug|Any CPU
		{97D31C60-A040-494C-8A6E-8EF4D37CB047}.Release|Any CPU.ActiveCfg = Release|Any CPU
		{97D31C60-A040-494C-8A6E-8EF4D37CB047}.Release|Any CPU.Build.0 = Release|Any CPU
		{0900A83B-8DF4-4709-9302-EF898545516F}.Debug|Any CPU.ActiveCfg = Debug|Any CPU
		{0900A83B-8DF4-4709-9302-EF898545516F}.Debug|Any CPU.Build.0 = Debug|Any CPU
		{0900A83B-8DF4-4709-9302-EF898545516F}.Release|Any CPU.ActiveCfg = Release|Any CPU
		{0900A83B-8DF4-4709-9302-EF898545516F}.Release|Any CPU.Build.0 = Release|Any CPU
	EndGlobalSection
	GlobalSection(SolutionProperties) = preSolution
		HideSolutionNode = FALSE
	EndGlobalSection
EndGlobal
